{
  "name": "advent-of-code-2020",
  "version": "1.0.0",
  "lockfileVersion": 1,
  "requires": true,
  "dependencies": {
    "esm": {
      "version": "3.2.25",
      "resolved": "https://artifactory.workday.com/artifactory/api/npm/npm-virtual/esm/-/esm-3.2.25.tgz",
      "integrity": "sha1-NCwYwp1WFXaIulzjH4Qx+7eVzBA="
    }
  }
}
